{
  "name": "lunch-and-learn-site",
  "version": "0.1.0",
  "lockfileVersion": 1,
  "requires": true,
  "dependencies": {
    "@dwp-standard-config/commitlint-config-base": {
      "version": "git+ssh://git@gitlab.itsshared.net:house-style/commitlint-config-base.git#ec23692052ab5c21280a00e726ba4444b6e007b5",
      "dev": true
    }
  }
}
